
Microsoft Visual Studio Solution File, Format Version 12.00
# Visual Studio Version 17
VisualStudioVersion = 17.11.35208.52
MinimumVisualStudioVersion = 10.0.40219.1
Project("{9A19103F-16F7-4668-BE54-9A1E7A4F7556}") = "Econtact", "Econtact\Econtact.csproj", "{46F3B8E5-A306-4A01-B902-74EB9BB6EB37}"
EndProject
Global
	GlobalSection(SolutionConfigurationPlatforms) = preSolution
		Debug|Any CPU = Debug|Any CPU
		Release|Any CPU = Release|Any CPU
	EndGlobalSection
	GlobalSection(ProjectConfigurationPlatforms) = postSolution
		{46F3B8E5-A306-4A01-B902-74EB9BB6EB37}.Debug|Any CPU.ActiveCfg = Debug|Any CPU
		{46F3B8E5-A306-4A01-B902-74EB9BB6EB37}.Debug|Any CPU.Build.0 = Debug|Any CPU
		{46F3B8E5-A306-4A01-B902-74EB9BB6EB37}.Release|Any CPU.ActiveCfg = Release|Any CPU
		{46F3B8E5-A306-4A01-B902-74EB9BB6EB37}.Release|Any CPU.Build.0 = Release|Any CPU
	EndGlobalSection
	GlobalSection(SolutionProperties) = preSolution
		HideSolutionNode = FALSE
	EndGlobalSection
	GlobalSection(ExtensibilityGlobals) = postSolution
		SolutionGuid = {FCA2DA78-CA8B-4714-8797-76D106524FA7}
	EndGlobalSection
EndGlobal
